// !$*UTF8*$!
{
	archiveVersion = 1;
	classes = {
	};
	objectVersion = 46;
	objects = {

/* Begin PBXBuildFile section */
		8A77D48D1511F599001F8981 /* CFNetwork.framework in Frameworks */ = {isa = PBXBuildFile; fileRef = 8A77D48C1511F599001F8981 /* CFNetwork.framework */; };
		8A77D48F151215DB001F8981 /* pinHighlighted.png in Resources */ = {isa = PBXBuildFile; fileRef = 8A77D48E151215DB001F8981 /* pinHighlighted.png */; };
		8A7806C115132DB9002F393E /* AppDelegate.m in Sources */ = {isa = PBXBuildFile; fileRef = 8A7806C015132DB9002F393E /* AppDelegate.m */; };
		8A7806D215132F4F002F393E /* SplashController.m in Sources */ = {isa = PBXBuildFile; fileRef = 8A7806D115132F4F002F393E /* SplashController.m */; };
		8A787C281512353E001A72FF /* logo.png in Resources */ = {isa = PBXBuildFile; fileRef = 8A787C271512353E001A72FF /* logo.png */; };
		8A787C31151252F1001A72FF /* SplashController.xib in Resources */ = {isa = PBXBuildFile; fileRef = 8A787C30151252F1001A72FF /* SplashController.xib */; };
		8ABBD34A151115E500713E25 /* UIKit.framework in Frameworks */ = {isa = PBXBuildFile; fileRef = 8ABBD349151115E500713E25 /* UIKit.framework */; };
		8ABBD34C151115E500713E25 /* Foundation.framework in Frameworks */ = {isa = PBXBuildFile; fileRef = 8ABBD34B151115E500713E25 /* Foundation.framework */; };
		8ABBD34E151115E500713E25 /* CoreGraphics.framework in Frameworks */ = {isa = PBXBuildFile; fileRef = 8ABBD34D151115E500713E25 /* CoreGraphics.framework */; };
		8ABBD395151116B100713E25 /* CustomTableViewCellCell.m in Sources */ = {isa = PBXBuildFile; fileRef = 8ABBD371151116B100713E25 /* CustomTableViewCellCell.m */; };
		8ABBD396151116B100713E25 /* DetailsViewController.m in Sources */ = {isa = PBXBuildFile; fileRef = 8ABBD375151116B100713E25 /* DetailsViewController.m */; };
		8ABBD397151116B100713E25 /* EditViewController.m in Sources */ = {isa = PBXBuildFile; fileRef = 8ABBD378151116B100713E25 /* EditViewController.m */; };
		8ABBD398151116B100713E25 /* LoginViewController.m in Sources */ = {isa = PBXBuildFile; fileRef = 8ABBD37B151116B100713E25 /* LoginViewController.m */; };
		8ABBD399151116B100713E25 /* UsersViewController.m in Sources */ = {isa = PBXBuildFile; fileRef = 8ABBD37E151116B100713E25 /* UsersViewController.m */; };
		8ABBD39A151116B100713E25 /* RegistrationViewController.m in Sources */ = {isa = PBXBuildFile; fileRef = 8ABBD381151116B100713E25 /* RegistrationViewController.m */; };
		8ABBD39B151116B100713E25 /* Default.png in Resources */ = {isa = PBXBuildFile; fileRef = 8ABBD384151116B100713E25 /* Default.png */; };
		8ABBD39C151116B100713E25 /* icon.png in Resources */ = {isa = PBXBuildFile; fileRef = 8ABBD385151116B100713E25 /* icon.png */; };
		8ABBD39D151116B100713E25 /* pin.png in Resources */ = {isa = PBXBuildFile; fileRef = 8ABBD386151116B100713E25 /* pin.png */; };
		8ABBD39E151116B100713E25 /* CustomTableViewCell.xib in Resources */ = {isa = PBXBuildFile; fileRef = 8ABBD388151116B100713E25 /* CustomTableViewCell.xib */; };
		8ABBD39F151116B100713E25 /* DetailsViewController.xib in Resources */ = {isa = PBXBuildFile; fileRef = 8ABBD389151116B100713E25 /* DetailsViewController.xib */; };
		8ABBD3A0151116B100713E25 /* EditViewController.xib in Resources */ = {isa = PBXBuildFile; fileRef = 8ABBD38A151116B100713E25 /* EditViewController.xib */; };
		8ABBD3A1151116B100713E25 /* LoginViewController.xib in Resources */ = {isa = PBXBuildFile; fileRef = 8ABBD38B151116B100713E25 /* LoginViewController.xib */; };
		8ABBD3A2151116B100713E25 /* RegistrationViewController.xib in Resources */ = {isa = PBXBuildFile; fileRef = 8ABBD38C151116B100713E25 /* RegistrationViewController.xib */; };
		8ABBD3A3151116B100713E25 /* UsersViewController.xib in Resources */ = {isa = PBXBuildFile; fileRef = 8ABBD38D151116B100713E25 /* UsersViewController.xib */; };
		8ABBD3A4151116B100713E25 /* InfoPlist.strings in Resources */ = {isa = PBXBuildFile; fileRef = 8ABBD38F151116B100713E25 /* InfoPlist.strings */; };
		8ABBD3A5151116B100713E25 /* main.m in Sources */ = {isa = PBXBuildFile; fileRef = 8ABBD390151116B100713E25 /* main.m */; };
		8ABBD3AB1511175700713E25 /* SystemConfiguration.framework in Frameworks */ = {isa = PBXBuildFile; fileRef = 8ABBD3AA1511175700713E25 /* SystemConfiguration.framework */; };
		8ABBD3AD1511175D00713E25 /* MobileCoreServices.framework in Frameworks */ = {isa = PBXBuildFile; fileRef = 8ABBD3AC1511175D00713E25 /* MobileCoreServices.framework */; };
		8ABBD3AF1511176A00713E25 /* CoreLocation.framework in Frameworks */ = {isa = PBXBuildFile; fileRef = 8ABBD3AE1511176A00713E25 /* CoreLocation.framework */; };
		8ABBD3B11511177000713E25 /* libz.dylib in Frameworks */ = {isa = PBXBuildFile; fileRef = 8ABBD3B01511177000713E25 /* libz.dylib */; };
/* End PBXBuildFile section */

/* Begin PBXFileReference section */
		8A77D4781511F1D5001F8981 /* AppDelegate.h */ = {isa = PBXFileReference; fileEncoding = 4; lastKnownFileType = sourcecode.c.h; name = AppDelegate.h; path = "SimpleSample-users-ios/AppDelegate.h"; sourceTree = "<group>"; };
		8A77D48C1511F599001F8981 /* CFNetwork.framework */ = {isa = PBXFileReference; lastKnownFileType = wrapper.framework; name = CFNetwork.framework; path = System/Library/Frameworks/CFNetwork.framework; sourceTree = SDKROOT; };
		8A77D48E151215DB001F8981 /* pinHighlighted.png */ = {isa = PBXFileReference; lastKnownFileType = image.png; path = pinHighlighted.png; sourceTree = "<group>"; };
		8A7806C015132DB9002F393E /* AppDelegate.m */ = {isa = PBXFileReference; fileEncoding = 4; lastKnownFileType = sourcecode.c.objc; name = AppDelegate.m; path = "SimpleSample-users-ios/AppDelegate.m"; sourceTree = "<group>"; };
		8A7806D015132F4F002F393E /* SplashController.h */ = {isa = PBXFileReference; fileEncoding = 4; lastKnownFileType = sourcecode.c.h; path = SplashController.h; sourceTree = "<group>"; };
		8A7806D115132F4F002F393E /* SplashController.m */ = {isa = PBXFileReference; fileEncoding = 4; lastKnownFileType = sourcecode.c.objc; path = SplashController.m; sourceTree = "<group>"; };
		8A787C271512353E001A72FF /* logo.png */ = {isa = PBXFileReference; lastKnownFileType = image.png; path = logo.png; sourceTree = "<group>"; };
		8A787C30151252F1001A72FF /* SplashController.xib */ = {isa = PBXFileReference; fileEncoding = 4; lastKnownFileType = file.xib; path = SplashController.xib; sourceTree = "<group>"; };
		8ABBD345151115E500713E25 /* SimpleSample-users-ios.app */ = {isa = PBXFileReference; explicitFileType = wrapper.application; includeInIndex = 0; path = "SimpleSample-users-ios.app"; sourceTree = BUILT_PRODUCTS_DIR; };
		8ABBD349151115E500713E25 /* UIKit.framework */ = {isa = PBXFileReference; lastKnownFileType = wrapper.framework; name = UIKit.framework; path = System/Library/Frameworks/UIKit.framework; sourceTree = SDKROOT; };
		8ABBD34B151115E500713E25 /* Foundation.framework */ = {isa = PBXFileReference; lastKnownFileType = wrapper.framework; name = Foundation.framework; path = System/Library/Frameworks/Foundation.framework; sourceTree = SDKROOT; };
		8ABBD34D151115E500713E25 /* CoreGraphics.framework */ = {isa = PBXFileReference; lastKnownFileType = wrapper.framework; name = CoreGraphics.framework; path = System/Library/Frameworks/CoreGraphics.framework; sourceTree = SDKROOT; };
		8ABBD370151116B100713E25 /* CustomTableViewCellCell.h */ = {isa = PBXFileReference; fileEncoding = 4; lastKnownFileType = sourcecode.c.h; path = CustomTableViewCellCell.h; sourceTree = "<group>"; };
		8ABBD371151116B100713E25 /* CustomTableViewCellCell.m */ = {isa = PBXFileReference; fileEncoding = 4; lastKnownFileType = sourcecode.c.objc; path = CustomTableViewCellCell.m; sourceTree = "<group>"; };
		8ABBD374151116B100713E25 /* DetailsViewController.h */ = {isa = PBXFileReference; fileEncoding = 4; lastKnownFileType = sourcecode.c.h; path = DetailsViewController.h; sourceTree = "<group>"; };
		8ABBD375151116B100713E25 /* DetailsViewController.m */ = {isa = PBXFileReference; fileEncoding = 4; lastKnownFileType = sourcecode.c.objc; path = DetailsViewController.m; sourceTree = "<group>"; };
		8ABBD377151116B100713E25 /* EditViewController.h */ = {isa = PBXFileReference; fileEncoding = 4; lastKnownFileType = sourcecode.c.h; path = EditViewController.h; sourceTree = "<group>"; };
		8ABBD378151116B100713E25 /* EditViewController.m */ = {isa = PBXFileReference; fileEncoding = 4; lastKnownFileType = sourcecode.c.objc; path = EditViewController.m; sourceTree = "<group>"; };
		8ABBD37A151116B100713E25 /* LoginViewController.h */ = {isa = PBXFileReference; fileEncoding = 4; lastKnownFileType = sourcecode.c.h; path = LoginViewController.h; sourceTree = "<group>"; };
		8ABBD37B151116B100713E25 /* LoginViewController.m */ = {isa = PBXFileReference; fileEncoding = 4; lastKnownFileType = sourcecode.c.objc; path = LoginViewController.m; sourceTree = "<group>"; };
		8ABBD37D151116B100713E25 /* UsersViewController.h */ = {isa = PBXFileReference; fileEncoding = 4; lastKnownFileType = sourcecode.c.h; path = UsersViewController.h; sourceTree = "<group>"; };
		8ABBD37E151116B100713E25 /* UsersViewController.m */ = {isa = PBXFileReference; fileEncoding = 4; lastKnownFileType = sourcecode.c.objc; path = UsersViewController.m; sourceTree = "<group>"; };
		8ABBD380151116B100713E25 /* RegistrationViewController.h */ = {isa = PBXFileReference; fileEncoding = 4; lastKnownFileType = sourcecode.c.h; path = RegistrationViewController.h; sourceTree = "<group>"; };
		8ABBD381151116B100713E25 /* RegistrationViewController.m */ = {isa = PBXFileReference; fileEncoding = 4; lastKnownFileType = sourcecode.c.objc; path = RegistrationViewController.m; sourceTree = "<group>"; };
		8ABBD382151116B100713E25 /* QBConsts.h */ = {isa = PBXFileReference; fileEncoding = 4; lastKnownFileType = sourcecode.c.h; name = QBConsts.h; path = "SimpleSample-users-ios/QBConsts.h"; sourceTree = "<group>"; };
		8ABBD384151116B100713E25 /* Default.png */ = {isa = PBXFileReference; lastKnownFileType = image.png; path = Default.png; sourceTree = "<group>"; };
		8ABBD385151116B100713E25 /* icon.png */ = {isa = PBXFileReference; lastKnownFileType = image.png; path = icon.png; sourceTree = "<group>"; };
		8ABBD386151116B100713E25 /* pin.png */ = {isa = PBXFileReference; lastKnownFileType = image.png; path = pin.png; sourceTree = "<group>"; };
		8ABBD388151116B100713E25 /* CustomTableViewCell.xib */ = {isa = PBXFileReference; fileEncoding = 4; lastKnownFileType = file.xib; path = CustomTableViewCell.xib; sourceTree = "<group>"; };
		8ABBD389151116B100713E25 /* DetailsViewController.xib */ = {isa = PBXFileReference; fileEncoding = 4; lastKnownFileType = file.xib; path = DetailsViewController.xib; sourceTree = "<group>"; };
		8ABBD38A151116B100713E25 /* EditViewController.xib */ = {isa = PBXFileReference; fileEncoding = 4; lastKnownFileType = file.xib; path = EditViewController.xib; sourceTree = "<group>"; };
		8ABBD38B151116B100713E25 /* LoginViewController.xib */ = {isa = PBXFileReference; fileEncoding = 4; lastKnownFileType = file.xib; path = LoginViewController.xib; sourceTree = "<group>"; };
		8ABBD38C151116B100713E25 /* RegistrationViewController.xib */ = {isa = PBXFileReference; fileEncoding = 4; lastKnownFileType = file.xib; path = RegistrationViewController.xib; sourceTree = "<group>"; };
		8ABBD38D151116B100713E25 /* UsersViewController.xib */ = {isa = PBXFileReference; fileEncoding = 4; lastKnownFileType = file.xib; path = UsersViewController.xib; sourceTree = "<group>"; };
		8ABBD38F151116B100713E25 /* InfoPlist.strings */ = {isa = PBXFileReference; fileEncoding = 4; lastKnownFileType = text.plist.strings; path = InfoPlist.strings; sourceTree = "<group>"; };
		8ABBD390151116B100713E25 /* main.m */ = {isa = PBXFileReference; fileEncoding = 4; lastKnownFileType = sourcecode.c.objc; path = main.m; sourceTree = "<group>"; };
		8ABBD391151116B100713E25 /* SimpleSample-users-ios-Prefix.pch */ = {isa = PBXFileReference; fileEncoding = 4; lastKnownFileType = sourcecode.c.h; path = "SimpleSample-users-ios-Prefix.pch"; sourceTree = "<group>"; };
		8ABBD392151116B100713E25 /* SimpleSample-users-ios.plist */ = {isa = PBXFileReference; fileEncoding = 4; lastKnownFileType = text.plist.xml; path = "SimpleSample-users-ios.plist"; sourceTree = "<group>"; };
		8ABBD3AA1511175700713E25 /* SystemConfiguration.framework */ = {isa = PBXFileReference; lastKnownFileType = wrapper.framework; name = SystemConfiguration.framework; path = System/Library/Frameworks/SystemConfiguration.framework; sourceTree = SDKROOT; };
		8ABBD3AC1511175D00713E25 /* MobileCoreServices.framework */ = {isa = PBXFileReference; lastKnownFileType = wrapper.framework; name = MobileCoreServices.framework; path = System/Library/Frameworks/MobileCoreServices.framework; sourceTree = SDKROOT; };
		8ABBD3AE1511176A00713E25 /* CoreLocation.framework */ = {isa = PBXFileReference; lastKnownFileType = wrapper.framework; name = CoreLocation.framework; path = System/Library/Frameworks/CoreLocation.framework; sourceTree = SDKROOT; };
		8ABBD3B01511177000713E25 /* libz.dylib */ = {isa = PBXFileReference; lastKnownFileType = "compiled.mach-o.dylib"; name = libz.dylib; path = usr/lib/libz.dylib; sourceTree = SDKROOT; };
/* End PBXFileReference section */

/* Begin PBXFrameworksBuildPhase section */
		8ABBD342151115E500713E25 /* Frameworks */ = {
			isa = PBXFrameworksBuildPhase;
			buildActionMask = 2147483647;
			files = (
				8A77D48D1511F599001F8981 /* CFNetwork.framework in Frameworks */,
				8ABBD3B11511177000713E25 /* libz.dylib in Frameworks */,
				8ABBD3AF1511176A00713E25 /* CoreLocation.framework in Frameworks */,
				8ABBD34E151115E500713E25 /* CoreGraphics.framework in Frameworks */,
				8ABBD3AD1511175D00713E25 /* MobileCoreServices.framework in Frameworks */,
				8ABBD3AB1511175700713E25 /* SystemConfiguration.framework in Frameworks */,
				8ABBD34A151115E500713E25 /* UIKit.framework in Frameworks */,
				8ABBD34C151115E500713E25 /* Foundation.framework in Frameworks */,
			);
			runOnlyForDeploymentPostprocessing = 0;
		};
/* End PBXFrameworksBuildPhase section */

/* Begin PBXGroup section */
		8A7806CF15132F4F002F393E /* SplashController */ = {
			isa = PBXGroup;
			children = (
				8A7806D015132F4F002F393E /* SplashController.h */,
				8A7806D115132F4F002F393E /* SplashController.m */,
			);
			path = SplashController;
			sourceTree = "<group>";
		};
		8ABBD33A151115E500713E25 = {
			isa = PBXGroup;
			children = (
				8A77D4781511F1D5001F8981 /* AppDelegate.h */,
				8A7806C015132DB9002F393E /* AppDelegate.m */,
				8ABBD382151116B100713E25 /* QBConsts.h */,
				8ABBD36F151116B100713E25 /* Classes */,
				8ABBD372151116B100713E25 /* Controllers */,
				8ABBD383151116B100713E25 /* Resources */,
				8ABBD38E151116B100713E25 /* Supporting Files */,
				8ABBD348151115E500713E25 /* Frameworks */,
				8ABBD346151115E500713E25 /* Products */,
			);
			sourceTree = "<group>";
		};
		8ABBD346151115E500713E25 /* Products */ = {
			isa = PBXGroup;
			children = (
				8ABBD345151115E500713E25 /* SimpleSample-users-ios.app */,
			);
			name = Products;
			sourceTree = "<group>";
		};
		8ABBD348151115E500713E25 /* Frameworks */ = {
			isa = PBXGroup;
			children = (
				8ABBD3B01511177000713E25 /* libz.dylib */,
				8A77D48C1511F599001F8981 /* CFNetwork.framework */,
				8ABBD3AE1511176A00713E25 /* CoreLocation.framework */,
				8ABBD3AC1511175D00713E25 /* MobileCoreServices.framework */,
				8ABBD3AA1511175700713E25 /* SystemConfiguration.framework */,
				8ABBD349151115E500713E25 /* UIKit.framework */,
				8ABBD34B151115E500713E25 /* Foundation.framework */,
				8ABBD34D151115E500713E25 /* CoreGraphics.framework */,
			);
			name = Frameworks;
			sourceTree = "<group>";
		};
		8ABBD36F151116B100713E25 /* Classes */ = {
			isa = PBXGroup;
			children = (
				8ABBD370151116B100713E25 /* CustomTableViewCellCell.h */,
				8ABBD371151116B100713E25 /* CustomTableViewCellCell.m */,
			);
			name = Classes;
			path = "SimpleSample-users-ios/Classes";
			sourceTree = "<group>";
		};
		8ABBD372151116B100713E25 /* Controllers */ = {
			isa = PBXGroup;
			children = (
				8A7806CF15132F4F002F393E /* SplashController */,
				8ABBD373151116B100713E25 /* DetailViewController */,
				8ABBD376151116B100713E25 /* EditViewController */,
				8ABBD379151116B100713E25 /* LoginController */,
				8ABBD37C151116B100713E25 /* UsersViewController */,
				8ABBD37F151116B100713E25 /* RegistrationController */,
			);
			name = Controllers;
			path = "SimpleSample-users-ios/Controllers";
			sourceTree = "<group>";
		};
		8ABBD373151116B100713E25 /* DetailViewController */ = {
			isa = PBXGroup;
			children = (
				8ABBD374151116B100713E25 /* DetailsViewController.h */,
				8ABBD375151116B100713E25 /* DetailsViewController.m */,
			);
			path = DetailViewController;
			sourceTree = "<group>";
		};
		8ABBD376151116B100713E25 /* EditViewController */ = {
			isa = PBXGroup;
			children = (
				8ABBD377151116B100713E25 /* EditViewController.h */,
				8ABBD378151116B100713E25 /* EditViewController.m */,
			);
			path = EditViewController;
			sourceTree = "<group>";
		};
		8ABBD379151116B100713E25 /* LoginController */ = {
			isa = PBXGroup;
			children = (
				8ABBD37A151116B100713E25 /* LoginViewController.h */,
				8ABBD37B151116B100713E25 /* LoginViewController.m */,
			);
			path = LoginController;
			sourceTree = "<group>";
		};
		8ABBD37C151116B100713E25 /* UsersViewController */ = {
			isa = PBXGroup;
			children = (
				8ABBD37D151116B100713E25 /* UsersViewController.h */,
				8ABBD37E151116B100713E25 /* UsersViewController.m */,
			);
			name = UsersViewController;
			path = MapViewController;
			sourceTree = "<group>";
		};
		8ABBD37F151116B100713E25 /* RegistrationController */ = {
			isa = PBXGroup;
			children = (
				8ABBD380151116B100713E25 /* RegistrationViewController.h */,
				8ABBD381151116B100713E25 /* RegistrationViewController.m */,
			);
			path = RegistrationController;
			sourceTree = "<group>";
		};
		8ABBD383151116B100713E25 /* Resources */ = {
			isa = PBXGroup;
			children = (
				8ABBD387151116B100713E25 /* xib files */,
				8ABBD384151116B100713E25 /* Default.png */,
				8ABBD385151116B100713E25 /* icon.png */,
				8A787C271512353E001A72FF /* logo.png */,
				8ABBD386151116B100713E25 /* pin.png */,
				8A77D48E151215DB001F8981 /* pinHighlighted.png */,
			);
			name = Resources;
			path = "SimpleSample-users-ios/Resources";
			sourceTree = "<group>";
		};
		8ABBD387151116B100713E25 /* xib files */ = {
			isa = PBXGroup;
			children = (
				8ABBD388151116B100713E25 /* CustomTableViewCell.xib */,
				8A787C30151252F1001A72FF /* SplashController.xib */,
				8ABBD389151116B100713E25 /* DetailsViewController.xib */,
				8ABBD38A151116B100713E25 /* EditViewController.xib */,
				8ABBD38B151116B100713E25 /* LoginViewController.xib */,
				8ABBD38C151116B100713E25 /* RegistrationViewController.xib */,
				8ABBD38D151116B100713E25 /* UsersViewController.xib */,
			);
			path = "xib files";
			sourceTree = "<group>";
		};
		8ABBD38E151116B100713E25 /* Supporting Files */ = {
			isa = PBXGroup;
			children = (
				8ABBD38F151116B100713E25 /* InfoPlist.strings */,
				8ABBD390151116B100713E25 /* main.m */,
				8ABBD391151116B100713E25 /* SimpleSample-users-ios-Prefix.pch */,
				8ABBD392151116B100713E25 /* SimpleSample-users-ios.plist */,
			);
			name = "Supporting Files";
			path = "SimpleSample-users-ios/Supporting Files";
			sourceTree = "<group>";
		};
/* End PBXGroup section */

/* Begin PBXNativeTarget section */
		8ABBD344151115E500713E25 /* SimpleSample-users-ios */ = {
			isa = PBXNativeTarget;
			buildConfigurationList = 8ABBD363151115E500713E25 /* Build configuration list for PBXNativeTarget "SimpleSample-users-ios" */;
			buildPhases = (
				8ABBD341151115E500713E25 /* Sources */,
				8ABBD342151115E500713E25 /* Frameworks */,
				8ABBD343151115E500713E25 /* Resources */,
			);
			buildRules = (
			);
			dependencies = (
			);
			name = "SimpleSample-users-ios";
			productName = "SimpleSample-users-ios";
			productReference = 8ABBD345151115E500713E25 /* SimpleSample-users-ios.app */;
			productType = "com.apple.product-type.application";
		};
/* End PBXNativeTarget section */

/* Begin PBXProject section */
		8ABBD33C151115E500713E25 /* Project object */ = {
			isa = PBXProject;
			attributes = {
				LastUpgradeCheck = 0430;
			};
			buildConfigurationList = 8ABBD33F151115E500713E25 /* Build configuration list for PBXProject "SimpleSample-users-ios" */;
			compatibilityVersion = "Xcode 3.2";
			developmentRegion = English;
			hasScannedForEncodings = 0;
			knownRegions = (
				en,
			);
			mainGroup = 8ABBD33A151115E500713E25;
			productRefGroup = 8ABBD346151115E500713E25 /* Products */;
			projectDirPath = "";
			projectRoot = "";
			targets = (
				8ABBD344151115E500713E25 /* SimpleSample-users-ios */,
			);
		};
/* End PBXProject section */

/* Begin PBXResourcesBuildPhase section */
		8ABBD343151115E500713E25 /* Resources */ = {
			isa = PBXResourcesBuildPhase;
			buildActionMask = 2147483647;
			files = (
				8ABBD39B151116B100713E25 /* Default.png in Resources */,
				8ABBD39C151116B100713E25 /* icon.png in Resources */,
				8ABBD39D151116B100713E25 /* pin.png in Resources */,
				8ABBD39E151116B100713E25 /* CustomTableViewCell.xib in Resources */,
				8ABBD39F151116B100713E25 /* DetailsViewController.xib in Resources */,
				8ABBD3A0151116B100713E25 /* EditViewController.xib in Resources */,
				8ABBD3A1151116B100713E25 /* LoginViewController.xib in Resources */,
				8ABBD3A2151116B100713E25 /* RegistrationViewController.xib in Resources */,
				8ABBD3A3151116B100713E25 /* UsersViewController.xib in Resources */,
				8ABBD3A4151116B100713E25 /* InfoPlist.strings in Resources */,
				8A77D48F151215DB001F8981 /* pinHighlighted.png in Resources */,
				8A787C281512353E001A72FF /* logo.png in Resources */,
				8A787C31151252F1001A72FF /* SplashController.xib in Resources */,
			);
			runOnlyForDeploymentPostprocessing = 0;
		};
/* End PBXResourcesBuildPhase section */

/* Begin PBXSourcesBuildPhase section */
		8ABBD341151115E500713E25 /* Sources */ = {
			isa = PBXSourcesBuildPhase;
			buildActionMask = 2147483647;
			files = (
				8ABBD395151116B100713E25 /* CustomTableViewCellCell.m in Sources */,
				8ABBD396151116B100713E25 /* DetailsViewController.m in Sources */,
				8ABBD397151116B100713E25 /* EditViewController.m in Sources */,
				8ABBD398151116B100713E25 /* LoginViewController.m in Sources */,
				8ABBD399151116B100713E25 /* UsersViewController.m in Sources */,
				8ABBD39A151116B100713E25 /* RegistrationViewController.m in Sources */,
				8ABBD3A5151116B100713E25 /* main.m in Sources */,
				8A7806C115132DB9002F393E /* AppDelegate.m in Sources */,
				8A7806D215132F4F002F393E /* SplashController.m in Sources */,
			);
			runOnlyForDeploymentPostprocessing = 0;
		};
/* End PBXSourcesBuildPhase section */

/* Begin XCBuildConfiguration section */
		8ABBD361151115E500713E25 /* Debug */ = {
			isa = XCBuildConfiguration;
			buildSettings = {
				ALWAYS_SEARCH_USER_PATHS = NO;
				ARCHS = "$(ARCHS_STANDARD_32_BIT)";
				"CODE_SIGN_IDENTITY[sdk=iphoneos*]" = "iPhone Developer";
				COPY_PHASE_STRIP = NO;
				GCC_C_LANGUAGE_STANDARD = gnu99;
				GCC_DYNAMIC_NO_PIC = NO;
				GCC_OPTIMIZATION_LEVEL = 0;
				GCC_PREPROCESSOR_DEFINITIONS = (
					"DEBUG=1",
					"$(inherited)",
				);
				GCC_SYMBOLS_PRIVATE_EXTERN = NO;
				GCC_VERSION = com.apple.compilers.llvm.clang.1_0;
				GCC_WARN_ABOUT_RETURN_TYPE = YES;
				GCC_WARN_UNINITIALIZED_AUTOS = YES;
				GCC_WARN_UNUSED_VARIABLE = YES;
				IPHONEOS_DEPLOYMENT_TARGET = 5.0;
				SDKROOT = iphoneos;
			};
			name = Debug;
		};
		8ABBD362151115E500713E25 /* Release */ = {
			isa = XCBuildConfiguration;
			buildSettings = {
				ALWAYS_SEARCH_USER_PATHS = NO;
				ARCHS = "$(ARCHS_STANDARD_32_BIT)";
				"CODE_SIGN_IDENTITY[sdk=iphoneos*]" = "iPhone Developer";
				COPY_PHASE_STRIP = YES;
				GCC_C_LANGUAGE_STANDARD = gnu99;
				GCC_VERSION = com.apple.compilers.llvm.clang.1_0;
				GCC_WARN_ABOUT_RETURN_TYPE = YES;
				GCC_WARN_UNINITIALIZED_AUTOS = YES;
				GCC_WARN_UNUSED_VARIABLE = YES;
				IPHONEOS_DEPLOYMENT_TARGET = 5.0;
				OTHER_CFLAGS = "-DNS_BLOCK_ASSERTIONS=1";
				SDKROOT = iphoneos;
				VALIDATE_PRODUCT = YES;
			};
			name = Release;
		};
		8ABBD364151115E500713E25 /* Debug */ = {
			isa = XCBuildConfiguration;
			buildSettings = {
				FRAMEWORK_SEARCH_PATHS = (
					"$(inherited)",
					"\"$(SRCROOT)\"",
				);
				GCC_PRECOMPILE_PREFIX_HEADER = YES;
				GCC_PREFIX_HEADER = "SimpleSample-users-ios/Supporting Files/SimpleSample-users-ios-Prefix.pch";
				INFOPLIST_FILE = "SimpleSample-users-ios/Supporting Files/SimpleSample-users-ios.plist";
				IPHONEOS_DEPLOYMENT_TARGET = 4.2;
				PRODUCT_NAME = "$(TARGET_NAME)";
				WRAPPER_EXTENSION = app;
			};
			name = Debug;
		};
		8ABBD365151115E500713E25 /* Release */ = {
			isa = XCBuildConfiguration;
			buildSettings = {
				FRAMEWORK_SEARCH_PATHS = (
					"$(inherited)",
					"\"$(SRCROOT)\"",
				);
				GCC_PRECOMPILE_PREFIX_HEADER = YES;
				GCC_PREFIX_HEADER = "SimpleSample-users-ios/Supporting Files/SimpleSample-users-ios-Prefix.pch";
				INFOPLIST_FILE = "SimpleSample-users-ios/Supporting Files/SimpleSample-users-ios.plist";
				IPHONEOS_DEPLOYMENT_TARGET = 4.2;
				PRODUCT_NAME = "$(TARGET_NAME)";
				WRAPPER_EXTENSION = app;
			};
			name = Release;
		};
/* End XCBuildConfiguration section */

/* Begin XCConfigurationList section */
		8ABBD33F151115E500713E25 /* Build configuration list for PBXProject "SimpleSample-users-ios" */ = {
			isa = XCConfigurationList;
			buildConfigurations = (
				8ABBD361151115E500713E25 /* Debug */,
				8ABBD362151115E500713E25 /* Release */,
			);
			defaultConfigurationIsVisible = 0;
			defaultConfigurationName = Release;
		};
		8ABBD363151115E500713E25 /* Build configuration list for PBXNativeTarget "SimpleSample-users-ios" */ = {
			isa = XCConfigurationList;
			buildConfigurations = (
				8ABBD364151115E500713E25 /* Debug */,
				8ABBD365151115E500713E25 /* Release */,
			);
			defaultConfigurationIsVisible = 0;
			defaultConfigurationName = Release;
		};
/* End XCConfigurationList section */
	};
	rootObject = 8ABBD33C151115E500713E25 /* Project object */;
}
